
Microsoft Visual Studio Solution File, Format Version 12.00
# Visual Studio 14
VisualStudioVersion = 14.0.24720.0
MinimumVisualStudioVersion = 10.0.40219.1
Project("{FAE04EC0-301F-11D3-BF4B-00C04F79EFBC}") = "FindDeltaV", "FindDeltaV\FindDeltaV.csproj", "{FB01C2FD-CABB-4082-8A7A-2E4678A9E556}"
EndProject
Global
	GlobalSection(SolutionConfigurationPlatforms) = preSolution
		Debug|Any CPU = Debug|Any CPU
		Release|Any CPU = Release|Any CPU
	EndGlobalSection
	GlobalSection(ProjectConfigurationPlatforms) = postSolution
		{FB01C2FD-CABB-4082-8A7A-2E4678A9E556}.Debug|Any CPU.ActiveCfg = Debug|Any CPU
		{FB01C2FD-CABB-4082-8A7A-2E4678A9E556}.Debug|Any CPU.Build.0 = Debug|Any CPU
		{FB01C2FD-CABB-4082-8A7A-2E4678A9E556}.Release|Any CPU.ActiveCfg = Release|Any CPU
		{FB01C2FD-CABB-4082-8A7A-2E4678A9E556}.Release|Any CPU.Build.0 = Release|Any CPU
	EndGlobalSection
	GlobalSection(SolutionProperties) = preSolution
		HideSolutionNode = FALSE
	EndGlobalSection
EndGlobal
