
Microsoft Visual Studio Solution File, Format Version 12.00
# Visual Studio 14
VisualStudioVersion = 14.0.24720.0
MinimumVisualStudioVersion = 10.0.40219.1
Project("{FAE04EC0-301F-11D3-BF4B-00C04F79EFBC}") = "FindTWR", "FindTWR\FindTWR.csproj", "{38E62AA1-0511-4986-B806-81F596BD4196}"
EndProject
Project("{2150E333-8FDC-42A3-9474-1A3956D46DE8}") = "Solution Items", "Solution Items", "{D934F63D-FF22-463B-B04A-A7C4653B7BF8}"
EndProject
Global
	GlobalSection(SolutionConfigurationPlatforms) = preSolution
		Debug|Any CPU = Debug|Any CPU
		Release|Any CPU = Release|Any CPU
	EndGlobalSection
	GlobalSection(ProjectConfigurationPlatforms) = postSolution
		{38E62AA1-0511-4986-B806-81F596BD4196}.Debug|Any CPU.ActiveCfg = Debug|Any CPU
		{38E62AA1-0511-4986-B806-81F596BD4196}.Debug|Any CPU.Build.0 = Debug|Any CPU
		{38E62AA1-0511-4986-B806-81F596BD4196}.Release|Any CPU.ActiveCfg = Release|Any CPU
		{38E62AA1-0511-4986-B806-81F596BD4196}.Release|Any CPU.Build.0 = Release|Any CPU
	EndGlobalSection
	GlobalSection(SolutionProperties) = preSolution
		HideSolutionNode = FALSE
	EndGlobalSection
EndGlobal
